
Microsoft Visual Studio Solution File, Format Version 12.00
# Visual Studio Version 16
VisualStudioVersion = 16.0.30523.141
MinimumVisualStudioVersion = 10.0.40219.1
Project("{FAE04EC0-301F-11D3-BF4B-00C04F79EFBC}") = "MestoOpravaV2.Android", "MestoOpravaV2\MestoOpravaV2.Android\MestoOpravaV2.Android.csproj", "{84CBE6AF-52DA-4DA2-87C7-AA54A7AE1B98}"
EndProject
Project("{9A19103F-16F7-4668-BE54-9A1E7A4F7556}") = "MestoOpravaV2", "MestoOpravaV2\MestoOpravaV2\MestoOpravaV2.csproj", "{64E21393-6E2C-4C55-918B-D4B353257818}"
EndProject
Project("{FAE04EC0-301F-11D3-BF4B-00C04F79EFBC}") = "ServerComunicationTests", "ServerComunicationTests\ServerComunicationTests.csproj", "{998FEB97-C26C-47E0-8D9B-4FE72F633A08}"
EndProject
Global
	GlobalSection(SolutionConfigurationPlatforms) = preSolution
		Debug|Any CPU = Debug|Any CPU
		Debug|iPhone = Debug|iPhone
		Debug|iPhoneSimulator = Debug|iPhoneSimulator
		Release|Any CPU = Release|Any CPU
		Release|iPhone = Release|iPhone
		Release|iPhoneSimulator = Release|iPhoneSimulator
	EndGlobalSection
	GlobalSection(ProjectConfigurationPlatforms) = postSolution
		{84CBE6AF-52DA-4DA2-87C7-AA54A7AE1B98}.Debug|Any CPU.ActiveCfg = Debug|Any CPU
		{84CBE6AF-52DA-4DA2-87C7-AA54A7AE1B98}.Debug|Any CPU.Build.0 = Debug|Any CPU
		{84CBE6AF-52DA-4DA2-87C7-AA54A7AE1B98}.Debug|Any CPU.Deploy.0 = Debug|Any CPU
		{84CBE6AF-52DA-4DA2-87C7-AA54A7AE1B98}.Debug|iPhone.ActiveCfg = Debug|Any CPU
		{84CBE6AF-52DA-4DA2-87C7-AA54A7AE1B98}.Debug|iPhone.Build.0 = Debug|Any CPU
		{84CBE6AF-52DA-4DA2-87C7-AA54A7AE1B98}.Debug|iPhone.Deploy.0 = Debug|Any CPU
		{84CBE6AF-52DA-4DA2-87C7-AA54A7AE1B98}.Debug|iPhoneSimulator.ActiveCfg = Debug|Any CPU
		{84CBE6AF-52DA-4DA2-87C7-AA54A7AE1B98}.Debug|iPhoneSimulator.Build.0 = Debug|Any CPU
		{84CBE6AF-52DA-4DA2-87C7-AA54A7AE1B98}.Debug|iPhoneSimulator.Deploy.0 = Debug|Any CPU
		{84CBE6AF-52DA-4DA2-87C7-AA54A7AE1B98}.Release|Any CPU.ActiveCfg = Release|Any CPU
		{84CBE6AF-52DA-4DA2-87C7-AA54A7AE1B98}.Release|Any CPU.Build.0 = Release|Any CPU
		{84CBE6AF-52DA-4DA2-87C7-AA54A7AE1B98}.Release|Any CPU.Deploy.0 = Release|Any CPU
		{84CBE6AF-52DA-4DA2-87C7-AA54A7AE1B98}.Release|iPhone.ActiveCfg = Release|Any CPU
		{84CBE6AF-52DA-4DA2-87C7-AA54A7AE1B98}.Release|iPhone.Build.0 = Release|Any CPU
		{84CBE6AF-52DA-4DA2-87C7-AA54A7AE1B98}.Release|iPhone.Deploy.0 = Release|Any CPU
		{84CBE6AF-52DA-4DA2-87C7-AA54A7AE1B98}.Release|iPhoneSimulator.ActiveCfg = Release|Any CPU
		{84CBE6AF-52DA-4DA2-87C7-AA54A7AE1B98}.Release|iPhoneSimulator.Build.0 = Release|Any CPU
		{84CBE6AF-52DA-4DA2-87C7-AA54A7AE1B98}.Release|iPhoneSimulator.Deploy.0 = Release|Any CPU
		{64E21393-6E2C-4C55-918B-D4B353257818}.Debug|Any CPU.ActiveCfg = Debug|Any CPU
		{64E21393-6E2C-4C55-918B-D4B353257818}.Debug|Any CPU.Build.0 = Debug|Any CPU
		{64E21393-6E2C-4C55-918B-D4B353257818}.Debug|Any CPU.Deploy.0 = Debug|Any CPU
		{64E21393-6E2C-4C55-918B-D4B353257818}.Debug|iPhone.ActiveCfg = Debug|Any CPU
		{64E21393-6E2C-4C55-918B-D4B353257818}.Debug|iPhone.Build.0 = Debug|Any CPU
		{64E21393-6E2C-4C55-918B-D4B353257818}.Debug|iPhone.Deploy.0 = Debug|Any CPU
		{64E21393-6E2C-4C55-918B-D4B353257818}.Debug|iPhoneSimulator.ActiveCfg = Debug|Any CPU
		{64E21393-6E2C-4C55-918B-D4B353257818}.Debug|iPhoneSimulator.Build.0 = Debug|Any CPU
		{64E21393-6E2C-4C55-918B-D4B353257818}.Debug|iPhoneSimulator.Deploy.0 = Debug|Any CPU
		{64E21393-6E2C-4C55-918B-D4B353257818}.Release|Any CPU.ActiveCfg = Release|Any CPU
		{64E21393-6E2C-4C55-918B-D4B353257818}.Release|Any CPU.Build.0 = Release|Any CPU
		{64E21393-6E2C-4C55-918B-D4B353257818}.Release|Any CPU.Deploy.0 = Release|Any CPU
		{64E21393-6E2C-4C55-918B-D4B353257818}.Release|iPhone.ActiveCfg = Release|Any CPU
		{64E21393-6E2C-4C55-918B-D4B353257818}.Release|iPhone.Build.0 = Release|Any CPU
		{64E21393-6E2C-4C55-918B-D4B353257818}.Release|iPhone.Deploy.0 = Release|Any CPU
		{64E21393-6E2C-4C55-918B-D4B353257818}.Release|iPhoneSimulator.ActiveCfg = Release|Any CPU
		{64E21393-6E2C-4C55-918B-D4B353257818}.Release|iPhoneSimulator.Build.0 = Release|Any CPU
		{64E21393-6E2C-4C55-918B-D4B353257818}.Release|iPhoneSimulator.Deploy.0 = Release|Any CPU
		{998FEB97-C26C-47E0-8D9B-4FE72F633A08}.Debug|Any CPU.ActiveCfg = Debug|Any CPU
		{998FEB97-C26C-47E0-8D9B-4FE72F633A08}.Debug|Any CPU.Build.0 = Debug|Any CPU
		{998FEB97-C26C-47E0-8D9B-4FE72F633A08}.Debug|iPhone.ActiveCfg = Debug|Any CPU
		{998FEB97-C26C-47E0-8D9B-4FE72F633A08}.Debug|iPhone.Build.0 = Debug|Any CPU
		{998FEB97-C26C-47E0-8D9B-4FE72F633A08}.Debug|iPhoneSimulator.ActiveCfg = Debug|Any CPU
		{998FEB97-C26C-47E0-8D9B-4FE72F633A08}.Debug|iPhoneSimulator.Build.0 = Debug|Any CPU
		{998FEB97-C26C-47E0-8D9B-4FE72F633A08}.Release|Any CPU.ActiveCfg = Release|Any CPU
		{998FEB97-C26C-47E0-8D9B-4FE72F633A08}.Release|Any CPU.Build.0 = Release|Any CPU
		{998FEB97-C26C-47E0-8D9B-4FE72F633A08}.Release|iPhone.ActiveCfg = Release|Any CPU
		{998FEB97-C26C-47E0-8D9B-4FE72F633A08}.Release|iPhone.Build.0 = Release|Any CPU
		{998FEB97-C26C-47E0-8D9B-4FE72F633A08}.Release|iPhoneSimulator.ActiveCfg = Release|Any CPU
		{998FEB97-C26C-47E0-8D9B-4FE72F633A08}.Release|iPhoneSimulator.Build.0 = Release|Any CPU
	EndGlobalSection
	GlobalSection(SolutionProperties) = preSolution
		HideSolutionNode = FALSE
	EndGlobalSection
	GlobalSection(ExtensibilityGlobals) = postSolution
		SolutionGuid = {25BB729B-5310-4D9E-841A-4CE017D53FC5}
	EndGlobalSection
EndGlobal
